// !$*UTF8*$!
{
	archiveVersion = 1;
	classes = {
	};
	objectVersion = 56;
	objects = {

/* Begin PBXBuildFile section */
		8C04A22D2BD58BCF004F665B /* AppView.swift in Sources */ = {isa = PBXBuildFile; fileRef = 8C04A22C2BD58BCF004F665B /* AppView.swift */; };
		8C04A22F2BD5A6D7004F665B /* NavigationView.swift in Sources */ = {isa = PBXBuildFile; fileRef = 8C04A22E2BD5A6D7004F665B /* NavigationView.swift */; };
		8CFB41022BD1C76D00E7F831 /* plifeApp.swift in Sources */ = {isa = PBXBuildFile; fileRef = 8CFB41012BD1C76D00E7F831 /* plifeApp.swift */; };
		8CFB41042BD1C76D00E7F831 /* ContentView.swift in Sources */ = {isa = PBXBuildFile; fileRef = 8CFB41032BD1C76D00E7F831 /* ContentView.swift */; };
		8CFB41062BD1C77100E7F831 /* Assets.xcassets in Resources */ = {isa = PBXBuildFile; fileRef = 8CFB41052BD1C77100E7F831 /* Assets.xcassets */; };
		8CFB41092BD1C77100E7F831 /* Preview Assets.xcassets in Resources */ = {isa = PBXBuildFile; fileRef = 8CFB41082BD1C77100E7F831 /* Preview Assets.xcassets */; };
		8CFB41132BD1C77100E7F831 /* plifeTests.swift in Sources */ = {isa = PBXBuildFile; fileRef = 8CFB41122BD1C77100E7F831 /* plifeTests.swift */; };
		8CFB411D2BD1C77100E7F831 /* plifeUITests.swift in Sources */ = {isa = PBXBuildFile; fileRef = 8CFB411C2BD1C77100E7F831 /* plifeUITests.swift */; };
		8CFB411F2BD1C77100E7F831 /* plifeUITestsLaunchTests.swift in Sources */ = {isa = PBXBuildFile; fileRef = 8CFB411E2BD1C77100E7F831 /* plifeUITestsLaunchTests.swift */; };
		8CFB412C2BD1CCAB00E7F831 /* LoginView.swift in Sources */ = {isa = PBXBuildFile; fileRef = 8CFB412B2BD1CCAB00E7F831 /* LoginView.swift */; };
/* End PBXBuildFile section */

/* Begin PBXContainerItemProxy section */
		8CFB410F2BD1C77100E7F831 /* PBXContainerItemProxy */ = {
			isa = PBXContainerItemProxy;
			containerPortal = 8CFB40F62BD1C76D00E7F831 /* Project object */;
			proxyType = 1;
			remoteGlobalIDString = 8CFB40FD2BD1C76D00E7F831;
			remoteInfo = plife;
		};
		8CFB41192BD1C77100E7F831 /* PBXContainerItemProxy */ = {
			isa = PBXContainerItemProxy;
			containerPortal = 8CFB40F62BD1C76D00E7F831 /* Project object */;
			proxyType = 1;
			remoteGlobalIDString = 8CFB40FD2BD1C76D00E7F831;
			remoteInfo = plife;
		};
/* End PBXContainerItemProxy section */

/* Begin PBXFileReference section */
		8C04A22C2BD58BCF004F665B /* AppView.swift */ = {isa = PBXFileReference; lastKnownFileType = sourcecode.swift; path = AppView.swift; sourceTree = "<group>"; };
		8C04A22E2BD5A6D7004F665B /* NavigationView.swift */ = {isa = PBXFileReference; lastKnownFileType = sourcecode.swift; path = NavigationView.swift; sourceTree = "<group>"; };
		8CFB40FE2BD1C76D00E7F831 /* plife.app */ = {isa = PBXFileReference; explicitFileType = wrapper.application; includeInIndex = 0; path = plife.app; sourceTree = BUILT_PRODUCTS_DIR; };
		8CFB41012BD1C76D00E7F831 /* plifeApp.swift */ = {isa = PBXFileReference; lastKnownFileType = sourcecode.swift; path = plifeApp.swift; sourceTree = "<group>"; };
		8CFB41032BD1C76D00E7F831 /* ContentView.swift */ = {isa = PBXFileReference; lastKnownFileType = sourcecode.swift; path = ContentView.swift; sourceTree = "<group>"; };
		8CFB41052BD1C77100E7F831 /* Assets.xcassets */ = {isa = PBXFileReference; lastKnownFileType = folder.assetcatalog; path = Assets.xcassets; sourceTree = "<group>"; };
		8CFB41082BD1C77100E7F831 /* Preview Assets.xcassets */ = {isa = PBXFileReference; lastKnownFileType = folder.assetcatalog; path = "Preview Assets.xcassets"; sourceTree = "<group>"; };
		8CFB410E2BD1C77100E7F831 /* plifeTests.xctest */ = {isa = PBXFileReference; explicitFileType = wrapper.cfbundle; includeInIndex = 0; path = plifeTests.xctest; sourceTree = BUILT_PRODUCTS_DIR; };
		8CFB41122BD1C77100E7F831 /* plifeTests.swift */ = {isa = PBXFileReference; lastKnownFileType = sourcecode.swift; path = plifeTests.swift; sourceTree = "<group>"; };
		8CFB41182BD1C77100E7F831 /* plifeUITests.xctest */ = {isa = PBXFileReference; explicitFileType = wrapper.cfbundle; includeInIndex = 0; path = plifeUITests.xctest; sourceTree = BUILT_PRODUCTS_DIR; };
		8CFB411C2BD1C77100E7F831 /* plifeUITests.swift */ = {isa = PBXFileReference; lastKnownFileType = sourcecode.swift; path = plifeUITests.swift; sourceTree = "<group>"; };
		8CFB411E2BD1C77100E7F831 /* plifeUITestsLaunchTests.swift */ = {isa = PBXFileReference; lastKnownFileType = sourcecode.swift; path = plifeUITestsLaunchTests.swift; sourceTree = "<group>"; };
		8CFB412B2BD1CCAB00E7F831 /* LoginView.swift */ = {isa = PBXFileReference; lastKnownFileType = sourcecode.swift; path = LoginView.swift; sourceTree = "<group>"; };
/* End PBXFileReference section */

/* Begin PBXFrameworksBuildPhase section */
		8CFB40FB2BD1C76D00E7F831 /* Frameworks */ = {
			isa = PBXFrameworksBuildPhase;
			buildActionMask = 2147483647;
			files = (
			);
			runOnlyForDeploymentPostprocessing = 0;
		};
		8CFB410B2BD1C77100E7F831 /* Frameworks */ = {
			isa = PBXFrameworksBuildPhase;
			buildActionMask = 2147483647;
			files = (
			);
			runOnlyForDeploymentPostprocessing = 0;
		};
		8CFB41152BD1C77100E7F831 /* Frameworks */ = {
			isa = PBXFrameworksBuildPhase;
			buildActionMask = 2147483647;
			files = (
			);
			runOnlyForDeploymentPostprocessing = 0;
		};
/* End PBXFrameworksBuildPhase section */

/* Begin PBXGroup section */
		8CFB40F52BD1C76D00E7F831 = {
			isa = PBXGroup;
			children = (
				8CFB41002BD1C76D00E7F831 /* plife */,
				8CFB41112BD1C77100E7F831 /* plifeTests */,
				8CFB411B2BD1C77100E7F831 /* plifeUITests */,
				8CFB40FF2BD1C76D00E7F831 /* Products */,
			);
			sourceTree = "<group>";
		};
		8CFB40FF2BD1C76D00E7F831 /* Products */ = {
			isa = PBXGroup;
			children = (
				8CFB40FE2BD1C76D00E7F831 /* plife.app */,
				8CFB410E2BD1C77100E7F831 /* plifeTests.xctest */,
				8CFB41182BD1C77100E7F831 /* plifeUITests.xctest */,
			);
			name = Products;
			sourceTree = "<group>";
		};
		8CFB41002BD1C76D00E7F831 /* plife */ = {
			isa = PBXGroup;
			children = (
				8CFB41012BD1C76D00E7F831 /* plifeApp.swift */,
				8CFB412B2BD1CCAB00E7F831 /* LoginView.swift */,
				8C04A22E2BD5A6D7004F665B /* NavigationView.swift */,
				8C04A22C2BD58BCF004F665B /* AppView.swift */,
				8CFB41032BD1C76D00E7F831 /* ContentView.swift */,
				8CFB41052BD1C77100E7F831 /* Assets.xcassets */,
				8CFB41072BD1C77100E7F831 /* Preview Content */,
			);
			path = plife;
			sourceTree = "<group>";
		};
		8CFB41072BD1C77100E7F831 /* Preview Content */ = {
			isa = PBXGroup;
			children = (
				8CFB41082BD1C77100E7F831 /* Preview Assets.xcassets */,
			);
			path = "Preview Content";
			sourceTree = "<group>";
		};
		8CFB41112BD1C77100E7F831 /* plifeTests */ = {
			isa = PBXGroup;
			children = (
				8CFB41122BD1C77100E7F831 /* plifeTests.swift */,
			);
			path = plifeTests;
			sourceTree = "<group>";
		};
		8CFB411B2BD1C77100E7F831 /* plifeUITests */ = {
			isa = PBXGroup;
			children = (
				8CFB411C2BD1C77100E7F831 /* plifeUITests.swift */,
				8CFB411E2BD1C77100E7F831 /* plifeUITestsLaunchTests.swift */,
			);
			path = plifeUITests;
			sourceTree = "<group>";
		};
/* End PBXGroup section */

/* Begin PBXNativeTarget section */
		8CFB40FD2BD1C76D00E7F831 /* plife */ = {
			isa = PBXNativeTarget;
			buildConfigurationList = 8CFB41222BD1C77100E7F831 /* Build configuration list for PBXNativeTarget "plife" */;
			buildPhases = (
				8CFB40FA2BD1C76D00E7F831 /* Sources */,
				8CFB40FB2BD1C76D00E7F831 /* Frameworks */,
				8CFB40FC2BD1C76D00E7F831 /* Resources */,
			);
			buildRules = (
			);
			dependencies = (
			);
			name = plife;
			productName = plife;
			productReference = 8CFB40FE2BD1C76D00E7F831 /* plife.app */;
			productType = "com.apple.product-type.application";
		};
		8CFB410D2BD1C77100E7F831 /* plifeTests */ = {
			isa = PBXNativeTarget;
			buildConfigurationList = 8CFB41252BD1C77100E7F831 /* Build configuration list for PBXNativeTarget "plifeTests" */;
			buildPhases = (
				8CFB410A2BD1C77100E7F831 /* Sources */,
				8CFB410B2BD1C77100E7F831 /* Frameworks */,
				8CFB410C2BD1C77100E7F831 /* Resources */,
			);
			buildRules = (
			);
			dependencies = (
				8CFB41102BD1C77100E7F831 /* PBXTargetDependency */,
			);
			name = plifeTests;
			productName = plifeTests;
			productReference = 8CFB410E2BD1C77100E7F831 /* plifeTests.xctest */;
			productType = "com.apple.product-type.bundle.unit-test";
		};
		8CFB41172BD1C77100E7F831 /* plifeUITests */ = {
			isa = PBXNativeTarget;
			buildConfigurationList = 8CFB41282BD1C77100E7F831 /* Build configuration list for PBXNativeTarget "plifeUITests" */;
			buildPhases = (
				8CFB41142BD1C77100E7F831 /* Sources */,
				8CFB41152BD1C77100E7F831 /* Frameworks */,
				8CFB41162BD1C77100E7F831 /* Resources */,
			);
			buildRules = (
			);
			dependencies = (
				8CFB411A2BD1C77100E7F831 /* PBXTargetDependency */,
			);
			name = plifeUITests;
			productName = plifeUITests;
			productReference = 8CFB41182BD1C77100E7F831 /* plifeUITests.xctest */;
			productType = "com.apple.product-type.bundle.ui-testing";
		};
/* End PBXNativeTarget section */

/* Begin PBXProject section */
		8CFB40F62BD1C76D00E7F831 /* Project object */ = {
			isa = PBXProject;
			attributes = {
				BuildIndependentTargetsInParallel = 1;
				LastSwiftUpdateCheck = 1500;
				LastUpgradeCheck = 1500;
				TargetAttributes = {
					8CFB40FD2BD1C76D00E7F831 = {
						CreatedOnToolsVersion = 15.0.1;
					};
					8CFB410D2BD1C77100E7F831 = {
						CreatedOnToolsVersion = 15.0.1;
						TestTargetID = 8CFB40FD2BD1C76D00E7F831;
					};
					8CFB41172BD1C77100E7F831 = {
						CreatedOnToolsVersion = 15.0.1;
						TestTargetID = 8CFB40FD2BD1C76D00E7F831;
					};
				};
			};
			buildConfigurationList = 8CFB40F92BD1C76D00E7F831 /* Build configuration list for PBXProject "plife" */;
			compatibilityVersion = "Xcode 14.0";
			developmentRegion = en;
			hasScannedForEncodings = 0;
			knownRegions = (
				en,
				Base,
			);
			mainGroup = 8CFB40F52BD1C76D00E7F831;
			productRefGroup = 8CFB40FF2BD1C76D00E7F831 /* Products */;
			projectDirPath = "";
			projectRoot = "";
			targets = (
				8CFB40FD2BD1C76D00E7F831 /* plife */,
				8CFB410D2BD1C77100E7F831 /* plifeTests */,
				8CFB41172BD1C77100E7F831 /* plifeUITests */,
			);
		};
/* End PBXProject section */

/* Begin PBXResourcesBuildPhase section */
		8CFB40FC2BD1C76D00E7F831 /* Resources */ = {
			isa = PBXResourcesBuildPhase;
			buildActionMask = 2147483647;
			files = (
				8CFB41092BD1C77100E7F831 /* Preview Assets.xcassets in Resources */,
				8CFB41062BD1C77100E7F831 /* Assets.xcassets in Resources */,
			);
			runOnlyForDeploymentPostprocessing = 0;
		};
		8CFB410C2BD1C77100E7F831 /* Resources */ = {
			isa = PBXResourcesBuildPhase;
			buildActionMask = 2147483647;
			files = (
			);
			runOnlyForDeploymentPostprocessing = 0;
		};
		8CFB41162BD1C77100E7F831 /* Resources */ = {
			isa = PBXResourcesBuildPhase;
			buildActionMask = 2147483647;
			files = (
			);
			runOnlyForDeploymentPostprocessing = 0;
		};
/* End PBXResourcesBuildPhase section */

/* Begin PBXSourcesBuildPhase section */
		8CFB40FA2BD1C76D00E7F831 /* Sources */ = {
			isa = PBXSourcesBuildPhase;
			buildActionMask = 2147483647;
			files = (
				8C04A22D2BD58BCF004F665B /* AppView.swift in Sources */,
				8CFB412C2BD1CCAB00E7F831 /* LoginView.swift in Sources */,
				8C04A22F2BD5A6D7004F665B /* NavigationView.swift in Sources */,
				8CFB41042BD1C76D00E7F831 /* ContentView.swift in Sources */,
				8CFB41022BD1C76D00E7F831 /* plifeApp.swift in Sources */,
			);
			runOnlyForDeploymentPostprocessing = 0;
		};
		8CFB410A2BD1C77100E7F831 /* Sources */ = {
			isa = PBXSourcesBuildPhase;
			buildActionMask = 2147483647;
			files = (
				8CFB41132BD1C77100E7F831 /* plifeTests.swift in Sources */,
			);
			runOnlyForDeploymentPostprocessing = 0;
		};
		8CFB41142BD1C77100E7F831 /* Sources */ = {
			isa = PBXSourcesBuildPhase;
			buildActionMask = 2147483647;
			files = (
				8CFB411D2BD1C77100E7F831 /* plifeUITests.swift in Sources */,
				8CFB411F2BD1C77100E7F831 /* plifeUITestsLaunchTests.swift in Sources */,
			);
			runOnlyForDeploymentPostprocessing = 0;
		};
/* End PBXSourcesBuildPhase section */

/* Begin PBXTargetDependency section */
		8CFB41102BD1C77100E7F831 /* PBXTargetDependency */ = {
			isa = PBXTargetDependency;
			target = 8CFB40FD2BD1C76D00E7F831 /* plife */;
			targetProxy = 8CFB410F2BD1C77100E7F831 /* PBXContainerItemProxy */;
		};
		8CFB411A2BD1C77100E7F831 /* PBXTargetDependency */ = {
			isa = PBXTargetDependency;
			target = 8CFB40FD2BD1C76D00E7F831 /* plife */;
			targetProxy = 8CFB41192BD1C77100E7F831 /* PBXContainerItemProxy */;
		};
/* End PBXTargetDependency section */

/* Begin XCBuildConfiguration section */
		8CFB41202BD1C77100E7F831 /* Debug */ = {
			isa = XCBuildConfiguration;
			buildSettings = {
				ALWAYS_SEARCH_USER_PATHS = NO;
				ASSETCATALOG_COMPILER_GENERATE_SWIFT_ASSET_SYMBOL_EXTENSIONS = YES;
				CLANG_ANALYZER_NONNULL = YES;
				CLANG_ANALYZER_NUMBER_OBJECT_CONVERSION = YES_AGGRESSIVE;
				CLANG_CXX_LANGUAGE_STANDARD = "gnu++20";
				CLANG_ENABLE_MODULES = YES;
				CLANG_ENABLE_OBJC_ARC = YES;
				CLANG_ENABLE_OBJC_WEAK = YES;
				CLANG_WARN_BLOCK_CAPTURE_AUTORELEASING = YES;
				CLANG_WARN_BOOL_CONVERSION = YES;
				CLANG_WARN_COMMA = YES;
				CLANG_WARN_CONSTANT_CONVERSION = YES;
				CLANG_WARN_DEPRECATED_OBJC_IMPLEMENTATIONS = YES;
				CLANG_WARN_DIRECT_OBJC_ISA_USAGE = YES_ERROR;
				CLANG_WARN_DOCUMENTATION_COMMENTS = YES;
				CLANG_WARN_EMPTY_BODY = YES;
				CLANG_WARN_ENUM_CONVERSION = YES;
				CLANG_WARN_INFINITE_RECURSION = YES;
				CLANG_WARN_INT_CONVERSION = YES;
				CLANG_WARN_NON_LITERAL_NULL_CONVERSION = YES;
				CLANG_WARN_OBJC_IMPLICIT_RETAIN_SELF = YES;
				CLANG_WARN_OBJC_LITERAL_CONVERSION = YES;
				CLANG_WARN_OBJC_ROOT_CLASS = YES_ERROR;
				CLANG_WARN_QUOTED_INCLUDE_IN_FRAMEWORK_HEADER = YES;
				CLANG_WARN_RANGE_LOOP_ANALYSIS = YES;
				CLANG_WARN_STRICT_PROTOTYPES = YES;
				CLANG_WARN_SUSPICIOUS_MOVE = YES;
				CLANG_WARN_UNGUARDED_AVAILABILITY = YES_AGGRESSIVE;
				CLANG_WARN_UNREACHABLE_CODE = YES;
				CLANG_WARN__DUPLICATE_METHOD_MATCH = YES;
				COPY_PHASE_STRIP = NO;
				DEBUG_INFORMATION_FORMAT = dwarf;
				ENABLE_STRICT_OBJC_MSGSEND = YES;
				ENABLE_TESTABILITY = YES;
				ENABLE_USER_SCRIPT_SANDBOXING = YES;
				GCC_C_LANGUAGE_STANDARD = gnu17;
				GCC_DYNAMIC_NO_PIC = NO;
				GCC_NO_COMMON_BLOCKS = YES;
				GCC_OPTIMIZATION_LEVEL = 0;
				GCC_PREPROCESSOR_DEFINITIONS = (
					"DEBUG=1",
					"$(inherited)",
				);
				GCC_WARN_64_TO_32_BIT_CONVERSION = YES;
				GCC_WARN_ABOUT_RETURN_TYPE = YES_ERROR;
				GCC_WARN_UNDECLARED_SELECTOR = YES;
				GCC_WARN_UNINITIALIZED_AUTOS = YES_AGGRESSIVE;
				GCC_WARN_UNUSED_FUNCTION = YES;
				GCC_WARN_UNUSED_VARIABLE = YES;
				IPHONEOS_DEPLOYMENT_TARGET = 17.0;
				LOCALIZATION_PREFERS_STRING_CATALOGS = YES;
				MTL_ENABLE_DEBUG_INFO = INCLUDE_SOURCE;
				MTL_FAST_MATH = YES;
				ONLY_ACTIVE_ARCH = YES;
				SDKROOT = iphoneos;
				SWIFT_ACTIVE_COMPILATION_CONDITIONS = "DEBUG $(inherited)";
				SWIFT_OPTIMIZATION_LEVEL = "-Onone";
			};
			name = Debug;
		};
		8CFB41212BD1C77100E7F831 /* Release */ = {
			isa = XCBuildConfiguration;
			buildSettings = {
				ALWAYS_SEARCH_USER_PATHS = NO;
				ASSETCATALOG_COMPILER_GENERATE_SWIFT_ASSET_SYMBOL_EXTENSIONS = YES;
				CLANG_ANALYZER_NONNULL = YES;
				CLANG_ANALYZER_NUMBER_OBJECT_CONVERSION = YES_AGGRESSIVE;
				CLANG_CXX_LANGUAGE_STANDARD = "gnu++20";
				CLANG_ENABLE_MODULES = YES;
				CLANG_ENABLE_OBJC_ARC = YES;
				CLANG_ENABLE_OBJC_WEAK = YES;
				CLANG_WARN_BLOCK_CAPTURE_AUTORELEASING = YES;
				CLANG_WARN_BOOL_CONVERSION = YES;
				CLANG_WARN_COMMA = YES;
				CLANG_WARN_CONSTANT_CONVERSION = YES;
				CLANG_WARN_DEPRECATED_OBJC_IMPLEMENTATIONS = YES;
				CLANG_WARN_DIRECT_OBJC_ISA_USAGE = YES_ERROR;
				CLANG_WARN_DOCUMENTATION_COMMENTS = YES;
				CLANG_WARN_EMPTY_BODY = YES;
				CLANG_WARN_ENUM_CONVERSION = YES;
				CLANG_WARN_INFINITE_RECURSION = YES;
				CLANG_WARN_INT_CONVERSION = YES;
				CLANG_WARN_NON_LITERAL_NULL_CONVERSION = YES;
				CLANG_WARN_OBJC_IMPLICIT_RETAIN_SELF = YES;
				CLANG_WARN_OBJC_LITERAL_CONVERSION = YES;
				CLANG_WARN_OBJC_ROOT_CLASS = YES_ERROR;
				CLANG_WARN_QUOTED_INCLUDE_IN_FRAMEWORK_HEADER = YES;
				CLANG_WARN_RANGE_LOOP_ANALYSIS = YES;
				CLANG_WARN_STRICT_PROTOTYPES = YES;
				CLANG_WARN_SUSPICIOUS_MOVE = YES;
				CLANG_WARN_UNGUARDED_AVAILABILITY = YES_AGGRESSIVE;
				CLANG_WARN_UNREACHABLE_CODE = YES;
				CLANG_WARN__DUPLICATE_METHOD_MATCH = YES;
				COPY_PHASE_STRIP = NO;
				DEBUG_INFORMATION_FORMAT = "dwarf-with-dsym";
				ENABLE_NS_ASSERTIONS = NO;
				ENABLE_STRICT_OBJC_MSGSEND = YES;
				ENABLE_USER_SCRIPT_SANDBOXING = YES;
				GCC_C_LANGUAGE_STANDARD = gnu17;
				GCC_NO_COMMON_BLOCKS = YES;
				GCC_WARN_64_TO_32_BIT_CONVERSION = YES;
				GCC_WARN_ABOUT_RETURN_TYPE = YES_ERROR;
				GCC_WARN_UNDECLARED_SELECTOR = YES;
				GCC_WARN_UNINITIALIZED_AUTOS = YES_AGGRESSIVE;
				GCC_WARN_UNUSED_FUNCTION = YES;
				GCC_WARN_UNUSED_VARIABLE = YES;
				IPHONEOS_DEPLOYMENT_TARGET = 17.0;
				LOCALIZATION_PREFERS_STRING_CATALOGS = YES;
				MTL_ENABLE_DEBUG_INFO = NO;
				MTL_FAST_MATH = YES;
				SDKROOT = iphoneos;
				SWIFT_COMPILATION_MODE = wholemodule;
				VALIDATE_PRODUCT = YES;
			};
			name = Release;
		};
		8CFB41232BD1C77100E7F831 /* Debug */ = {
			isa = XCBuildConfiguration;
			buildSettings = {
				ASSETCATALOG_COMPILER_APPICON_NAME = AppIcon;
				ASSETCATALOG_COMPILER_GLOBAL_ACCENT_COLOR_NAME = AccentColor;
				CODE_SIGN_STYLE = Automatic;
				CURRENT_PROJECT_VERSION = 1;
				DEVELOPMENT_ASSET_PATHS = "\"plife/Preview Content\"";
				DEVELOPMENT_TEAM = YYU453GVFK;
				ENABLE_PREVIEWS = YES;
				GENERATE_INFOPLIST_FILE = YES;
				INFOPLIST_KEY_UIApplicationSceneManifest_Generation = YES;
				INFOPLIST_KEY_UIApplicationSupportsIndirectInputEvents = YES;
				INFOPLIST_KEY_UILaunchScreen_Generation = YES;
				INFOPLIST_KEY_UIStatusBarStyle = "";
				INFOPLIST_KEY_UISupportedInterfaceOrientations_iPad = "UIInterfaceOrientationPortrait UIInterfaceOrientationPortraitUpsideDown UIInterfaceOrientationLandscapeLeft UIInterfaceOrientationLandscapeRight";
				INFOPLIST_KEY_UISupportedInterfaceOrientations_iPhone = "UIInterfaceOrientationPortrait UIInterfaceOrientationLandscapeLeft UIInterfaceOrientationLandscapeRight";
				LD_RUNPATH_SEARCH_PATHS = (
					"$(inherited)",
					"@executable_path/Frameworks",
				);
				MARKETING_VERSION = 1.0;
				PRODUCT_BUNDLE_IDENTIFIER = me.plife;
				PRODUCT_NAME = "$(TARGET_NAME)";
				SWIFT_EMIT_LOC_STRINGS = YES;
				SWIFT_VERSION = 5.0;
				TARGETED_DEVICE_FAMILY = "1,2";
			};
			name = Debug;
		};
		8CFB41242BD1C77100E7F831 /* Release */ = {
			isa = XCBuildConfiguration;
			buildSettings = {
				ASSETCATALOG_COMPILER_APPICON_NAME = AppIcon;
				ASSETCATALOG_COMPILER_GLOBAL_ACCENT_COLOR_NAME = AccentColor;
				CODE_SIGN_STYLE = Automatic;
				CURRENT_PROJECT_VERSION = 1;
				DEVELOPMENT_ASSET_PATHS = "\"plife/Preview Content\"";
				DEVELOPMENT_TEAM = YYU453GVFK;
				ENABLE_PREVIEWS = YES;
				GENERATE_INFOPLIST_FILE = YES;
				INFOPLIST_KEY_UIApplicationSceneManifest_Generation = YES;
				INFOPLIST_KEY_UIApplicationSupportsIndirectInputEvents = YES;
				INFOPLIST_KEY_UILaunchScreen_Generation = YES;
				INFOPLIST_KEY_UIStatusBarStyle = "";
				INFOPLIST_KEY_UISupportedInterfaceOrientations_iPad = "UIInterfaceOrientationPortrait UIInterfaceOrientationPortraitUpsideDown UIInterfaceOrientationLandscapeLeft UIInterfaceOrientationLandscapeRight";
				INFOPLIST_KEY_UISupportedInterfaceOrientations_iPhone = "UIInterfaceOrientationPortrait UIInterfaceOrientationLandscapeLeft UIInterfaceOrientationLandscapeRight";
				LD_RUNPATH_SEARCH_PATHS = (
					"$(inherited)",
					"@executable_path/Frameworks",
				);
				MARKETING_VERSION = 1.0;
				PRODUCT_BUNDLE_IDENTIFIER = me.plife;
				PRODUCT_NAME = "$(TARGET_NAME)";
				SWIFT_EMIT_LOC_STRINGS = YES;
				SWIFT_VERSION = 5.0;
				TARGETED_DEVICE_FAMILY = "1,2";
			};
			name = Release;
		};
		8CFB41262BD1C77100E7F831 /* Debug */ = {
			isa = XCBuildConfiguration;
			buildSettings = {
				ALWAYS_EMBED_SWIFT_STANDARD_LIBRARIES = YES;
				BUNDLE_LOADER = "$(TEST_HOST)";
				CODE_SIGN_STYLE = Automatic;
				CURRENT_PROJECT_VERSION = 1;
				DEVELOPMENT_TEAM = YYU453GVFK;
				GENERATE_INFOPLIST_FILE = YES;
				IPHONEOS_DEPLOYMENT_TARGET = 17.0;
				MARKETING_VERSION = 1.0;
				PRODUCT_BUNDLE_IDENTIFIER = me.plifeTests;
				PRODUCT_NAME = "$(TARGET_NAME)";
				SWIFT_EMIT_LOC_STRINGS = NO;
				SWIFT_VERSION = 5.0;
				TARGETED_DEVICE_FAMILY = "1,2";
				TEST_HOST = "$(BUILT_PRODUCTS_DIR)/plife.app/$(BUNDLE_EXECUTABLE_FOLDER_PATH)/plife";
			};
			name = Debug;
		};
		8CFB41272BD1C77100E7F831 /* Release */ = {
			isa = XCBuildConfiguration;
			buildSettings = {
				ALWAYS_EMBED_SWIFT_STANDARD_LIBRARIES = YES;
				BUNDLE_LOADER = "$(TEST_HOST)";
				CODE_SIGN_STYLE = Automatic;
				CURRENT_PROJECT_VERSION = 1;
				DEVELOPMENT_TEAM = YYU453GVFK;
				GENERATE_INFOPLIST_FILE = YES;
				IPHONEOS_DEPLOYMENT_TARGET = 17.0;
				MARKETING_VERSION = 1.0;
				PRODUCT_BUNDLE_IDENTIFIER = me.plifeTests;
				PRODUCT_NAME = "$(TARGET_NAME)";
				SWIFT_EMIT_LOC_STRINGS = NO;
				SWIFT_VERSION = 5.0;
				TARGETED_DEVICE_FAMILY = "1,2";
				TEST_HOST = "$(BUILT_PRODUCTS_DIR)/plife.app/$(BUNDLE_EXECUTABLE_FOLDER_PATH)/plife";
			};
			name = Release;
		};
		8CFB41292BD1C77100E7F831 /* Debug */ = {
			isa = XCBuildConfiguration;
			buildSettings = {
				ALWAYS_EMBED_SWIFT_STANDARD_LIBRARIES = YES;
				CODE_SIGN_STYLE = Automatic;
				CURRENT_PROJECT_VERSION = 1;
				DEVELOPMENT_TEAM = YYU453GVFK;
				GENERATE_INFOPLIST_FILE = YES;
				MARKETING_VERSION = 1.0;
				PRODUCT_BUNDLE_IDENTIFIER = me.plifeUITests;
				PRODUCT_NAME = "$(TARGET_NAME)";
				SWIFT_EMIT_LOC_STRINGS = NO;
				SWIFT_VERSION = 5.0;
				TARGETED_DEVICE_FAMILY = "1,2";
				TEST_TARGET_NAME = plife;
			};
			name = Debug;
		};
		8CFB412A2BD1C77100E7F831 /* Release */ = {
			isa = XCBuildConfiguration;
			buildSettings = {
				ALWAYS_EMBED_SWIFT_STANDARD_LIBRARIES = YES;
				CODE_SIGN_STYLE = Automatic;
				CURRENT_PROJECT_VERSION = 1;
				DEVELOPMENT_TEAM = YYU453GVFK;
				GENERATE_INFOPLIST_FILE = YES;
				MARKETING_VERSION = 1.0;
				PRODUCT_BUNDLE_IDENTIFIER = me.plifeUITests;
				PRODUCT_NAME = "$(TARGET_NAME)";
				SWIFT_EMIT_LOC_STRINGS = NO;
				SWIFT_VERSION = 5.0;
				TARGETED_DEVICE_FAMILY = "1,2";
				TEST_TARGET_NAME = plife;
			};
			name = Release;
		};
/* End XCBuildConfiguration section */

/* Begin XCConfigurationList section */
		8CFB40F92BD1C76D00E7F831 /* Build configuration list for PBXProject "plife" */ = {
			isa = XCConfigurationList;
			buildConfigurations = (
				8CFB41202BD1C77100E7F831 /* Debug */,
				8CFB41212BD1C77100E7F831 /* Release */,
			);
			defaultConfigurationIsVisible = 0;
			defaultConfigurationName = Release;
		};
		8CFB41222BD1C77100E7F831 /* Build configuration list for PBXNativeTarget "plife" */ = {
			isa = XCConfigurationList;
			buildConfigurations = (
				8CFB41232BD1C77100E7F831 /* Debug */,
				8CFB41242BD1C77100E7F831 /* Release */,
			);
			defaultConfigurationIsVisible = 0;
			defaultConfigurationName = Release;
		};
		8CFB41252BD1C77100E7F831 /* Build configuration list for PBXNativeTarget "plifeTests" */ = {
			isa = XCConfigurationList;
			buildConfigurations = (
				8CFB41262BD1C77100E7F831 /* Debug */,
				8CFB41272BD1C77100E7F831 /* Release */,
			);
			defaultConfigurationIsVisible = 0;
			defaultConfigurationName = Release;
		};
		8CFB41282BD1C77100E7F831 /* Build configuration list for PBXNativeTarget "plifeUITests" */ = {
			isa = XCConfigurationList;
			buildConfigurations = (
				8CFB41292BD1C77100E7F831 /* Debug */,
				8CFB412A2BD1C77100E7F831 /* Release */,
			);
			defaultConfigurationIsVisible = 0;
			defaultConfigurationName = Release;
		};
/* End XCConfigurationList section */
	};
	rootObject = 8CFB40F62BD1C76D00E7F831 /* Project object */;
}
